
Microsoft Visual Studio Solution File, Format Version 12.00
# Visual Studio 2013
VisualStudioVersion = 12.0.31101.0
MinimumVisualStudioVersion = 10.0.40219.1
Project("{2150E333-8FDC-42A3-9474-1A3956D46DE8}") = "CrossCutting", "CrossCutting", "{A27CB674-4363-4502-BCA9-81BE199D00E2}"
EndProject
Project("{2150E333-8FDC-42A3-9474-1A3956D46DE8}") = "Logic", "Logic", "{780B181D-1959-4939-993A-E550794DF6F9}"
EndProject
Project("{2150E333-8FDC-42A3-9474-1A3956D46DE8}") = "UI", "UI", "{02595480-80EB-4355-B50D-1FE7D4218556}"
EndProject
Project("{2150E333-8FDC-42A3-9474-1A3956D46DE8}") = "Data", "Data", "{EE390A2E-3E26-4519-90A0-AFA5CE860EDD}"
EndProject
Project("{2150E333-8FDC-42A3-9474-1A3956D46DE8}") = "Infrastructure", "Infrastructure", "{420E629A-1008-4722-9B92-93175A004DDB}"
EndProject
Project("{2150E333-8FDC-42A3-9474-1A3956D46DE8}") = "Tests", "Tests", "{B9110FDB-EE9A-4886-AA03-FD59FBB74E3D}"
EndProject
Project("{FAE04EC0-301F-11D3-BF4B-00C04F79EFBC}") = "Handler", "Handler\Handler.csproj", "{70C6DF6E-3BAE-4F53-B4A1-0727BEB9E4E4}"
EndProject
Project("{FAE04EC0-301F-11D3-BF4B-00C04F79EFBC}") = "Communication", "Communication\Communication.csproj", "{545FD5D0-BD70-495A-9058-DB4EA40F1A68}"
EndProject
Project("{FAE04EC0-301F-11D3-BF4B-00C04F79EFBC}") = "WebClient", "WebClient\WebClient.csproj", "{0C9D76E1-4B0F-4D32-85AE-BA999B4F9C4F}"
EndProject
Project("{FAE04EC0-301F-11D3-BF4B-00C04F79EFBC}") = "Test", "UnitTest\Test.csproj", "{C6429E03-C196-48BC-8200-BD5627395B50}"
EndProject
Project("{FAE04EC0-301F-11D3-BF4B-00C04F79EFBC}") = "Archive", "Archive\Archive.csproj", "{11BD52B7-6DEB-4A9F-BC19-58F51A358506}"
EndProject
Project("{FAE04EC0-301F-11D3-BF4B-00C04F79EFBC}") = "Interfaces", "Interfaces\Interfaces.csproj", "{DC588D3F-D46B-4B98-8BAB-DBBFF56A5CD5}"
EndProject
Project("{FAE04EC0-301F-11D3-BF4B-00C04F79EFBC}") = "Helpers", "Helpers\Helpers.csproj", "{639DF301-39ED-43C2-A570-B0023591BBD2}"
EndProject
Project("{FAE04EC0-301F-11D3-BF4B-00C04F79EFBC}") = "Update", "Update\Update.csproj", "{2B69EFCF-11F9-40C7-A8ED-A824F9FA133C}"
EndProject
Project("{F088123C-0E9E-452A-89E6-6BA2F21D5CAC}") = "Modeling", "Modeling\Modeling.modelproj", "{678BF5D2-1880-4A09-9388-B2211EF298E1}"
EndProject
Project("{FAE04EC0-301F-11D3-BF4B-00C04F79EFBC}") = "Storage", "Storage\Storage.csproj", "{1008428F-A003-4A60-BDAF-42E1B1C63047}"
EndProject
Project("{FAE04EC0-301F-11D3-BF4B-00C04F79EFBC}") = "Webserver", "Webserver\Webserver.csproj", "{F76174DB-A3AE-4895-9C55-0CE9A2418F6D}"
EndProject
Project("{FAE04EC0-301F-11D3-BF4B-00C04F79EFBC}") = "UpdateConsole", "UpdateConsole\UpdateConsole.csproj", "{EB181283-26B3-4D2A-8041-C20B9413841E}"
EndProject
Global
	GlobalSection(SolutionConfigurationPlatforms) = preSolution
		Debug|Any CPU = Debug|Any CPU
		Debug|ARM = Debug|ARM
		Debug|x64 = Debug|x64
		Debug|x86 = Debug|x86
		Release|Any CPU = Release|Any CPU
		Release|ARM = Release|ARM
		Release|x64 = Release|x64
		Release|x86 = Release|x86
	EndGlobalSection
	GlobalSection(ProjectConfigurationPlatforms) = postSolution
		{70C6DF6E-3BAE-4F53-B4A1-0727BEB9E4E4}.Debug|Any CPU.ActiveCfg = Debug|Any CPU
		{70C6DF6E-3BAE-4F53-B4A1-0727BEB9E4E4}.Debug|Any CPU.Build.0 = Debug|Any CPU
		{70C6DF6E-3BAE-4F53-B4A1-0727BEB9E4E4}.Debug|ARM.ActiveCfg = Debug|Any CPU
		{70C6DF6E-3BAE-4F53-B4A1-0727BEB9E4E4}.Debug|x64.ActiveCfg = Debug|Any CPU
		{70C6DF6E-3BAE-4F53-B4A1-0727BEB9E4E4}.Debug|x86.ActiveCfg = Debug|Any CPU
		{70C6DF6E-3BAE-4F53-B4A1-0727BEB9E4E4}.Release|Any CPU.ActiveCfg = Release|Any CPU
		{70C6DF6E-3BAE-4F53-B4A1-0727BEB9E4E4}.Release|Any CPU.Build.0 = Release|Any CPU
		{70C6DF6E-3BAE-4F53-B4A1-0727BEB9E4E4}.Release|ARM.ActiveCfg = Release|Any CPU
		{70C6DF6E-3BAE-4F53-B4A1-0727BEB9E4E4}.Release|x64.ActiveCfg = Release|Any CPU
		{70C6DF6E-3BAE-4F53-B4A1-0727BEB9E4E4}.Release|x86.ActiveCfg = Release|Any CPU
		{545FD5D0-BD70-495A-9058-DB4EA40F1A68}.Debug|Any CPU.ActiveCfg = Debug|Any CPU
		{545FD5D0-BD70-495A-9058-DB4EA40F1A68}.Debug|Any CPU.Build.0 = Debug|Any CPU
		{545FD5D0-BD70-495A-9058-DB4EA40F1A68}.Debug|ARM.ActiveCfg = Debug|Any CPU
		{545FD5D0-BD70-495A-9058-DB4EA40F1A68}.Debug|x64.ActiveCfg = Debug|Any CPU
		{545FD5D0-BD70-495A-9058-DB4EA40F1A68}.Debug|x86.ActiveCfg = Debug|Any CPU
		{545FD5D0-BD70-495A-9058-DB4EA40F1A68}.Release|Any CPU.ActiveCfg = Release|Any CPU
		{545FD5D0-BD70-495A-9058-DB4EA40F1A68}.Release|Any CPU.Build.0 = Release|Any CPU
		{545FD5D0-BD70-495A-9058-DB4EA40F1A68}.Release|ARM.ActiveCfg = Release|Any CPU
		{545FD5D0-BD70-495A-9058-DB4EA40F1A68}.Release|x64.ActiveCfg = Release|Any CPU
		{545FD5D0-BD70-495A-9058-DB4EA40F1A68}.Release|x86.ActiveCfg = Release|Any CPU
		{0C9D76E1-4B0F-4D32-85AE-BA999B4F9C4F}.Debug|Any CPU.ActiveCfg = Debug|Any CPU
		{0C9D76E1-4B0F-4D32-85AE-BA999B4F9C4F}.Debug|Any CPU.Build.0 = Debug|Any CPU
		{0C9D76E1-4B0F-4D32-85AE-BA999B4F9C4F}.Debug|ARM.ActiveCfg = Debug|Any CPU
		{0C9D76E1-4B0F-4D32-85AE-BA999B4F9C4F}.Debug|x64.ActiveCfg = Debug|Any CPU
		{0C9D76E1-4B0F-4D32-85AE-BA999B4F9C4F}.Debug|x86.ActiveCfg = Debug|Any CPU
		{0C9D76E1-4B0F-4D32-85AE-BA999B4F9C4F}.Release|Any CPU.ActiveCfg = Release|Any CPU
		{0C9D76E1-4B0F-4D32-85AE-BA999B4F9C4F}.Release|Any CPU.Build.0 = Release|Any CPU
		{0C9D76E1-4B0F-4D32-85AE-BA999B4F9C4F}.Release|ARM.ActiveCfg = Release|Any CPU
		{0C9D76E1-4B0F-4D32-85AE-BA999B4F9C4F}.Release|x64.ActiveCfg = Release|Any CPU
		{0C9D76E1-4B0F-4D32-85AE-BA999B4F9C4F}.Release|x86.ActiveCfg = Release|Any CPU
		{C6429E03-C196-48BC-8200-BD5627395B50}.Debug|Any CPU.ActiveCfg = Debug|Any CPU
		{C6429E03-C196-48BC-8200-BD5627395B50}.Debug|Any CPU.Build.0 = Debug|Any CPU
		{C6429E03-C196-48BC-8200-BD5627395B50}.Debug|ARM.ActiveCfg = Debug|Any CPU
		{C6429E03-C196-48BC-8200-BD5627395B50}.Debug|x64.ActiveCfg = Debug|Any CPU
		{C6429E03-C196-48BC-8200-BD5627395B50}.Debug|x86.ActiveCfg = Debug|Any CPU
		{C6429E03-C196-48BC-8200-BD5627395B50}.Release|Any CPU.ActiveCfg = Release|Any CPU
		{C6429E03-C196-48BC-8200-BD5627395B50}.Release|Any CPU.Build.0 = Release|Any CPU
		{C6429E03-C196-48BC-8200-BD5627395B50}.Release|ARM.ActiveCfg = Release|Any CPU
		{C6429E03-C196-48BC-8200-BD5627395B50}.Release|x64.ActiveCfg = Release|Any CPU
		{C6429E03-C196-48BC-8200-BD5627395B50}.Release|x86.ActiveCfg = Release|Any CPU
		{11BD52B7-6DEB-4A9F-BC19-58F51A358506}.Debug|Any CPU.ActiveCfg = Debug|Any CPU
		{11BD52B7-6DEB-4A9F-BC19-58F51A358506}.Debug|Any CPU.Build.0 = Debug|Any CPU
		{11BD52B7-6DEB-4A9F-BC19-58F51A358506}.Debug|ARM.ActiveCfg = Debug|Any CPU
		{11BD52B7-6DEB-4A9F-BC19-58F51A358506}.Debug|x64.ActiveCfg = Debug|Any CPU
		{11BD52B7-6DEB-4A9F-BC19-58F51A358506}.Debug|x86.ActiveCfg = Debug|Any CPU
		{11BD52B7-6DEB-4A9F-BC19-58F51A358506}.Release|Any CPU.ActiveCfg = Release|Any CPU
		{11BD52B7-6DEB-4A9F-BC19-58F51A358506}.Release|Any CPU.Build.0 = Release|Any CPU
		{11BD52B7-6DEB-4A9F-BC19-58F51A358506}.Release|ARM.ActiveCfg = Release|Any CPU
		{11BD52B7-6DEB-4A9F-BC19-58F51A358506}.Release|x64.ActiveCfg = Release|Any CPU
		{11BD52B7-6DEB-4A9F-BC19-58F51A358506}.Release|x86.ActiveCfg = Release|Any CPU
		{DC588D3F-D46B-4B98-8BAB-DBBFF56A5CD5}.Debug|Any CPU.ActiveCfg = Debug|Any CPU
		{DC588D3F-D46B-4B98-8BAB-DBBFF56A5CD5}.Debug|Any CPU.Build.0 = Debug|Any CPU
		{DC588D3F-D46B-4B98-8BAB-DBBFF56A5CD5}.Debug|ARM.ActiveCfg = Debug|Any CPU
		{DC588D3F-D46B-4B98-8BAB-DBBFF56A5CD5}.Debug|x64.ActiveCfg = Debug|Any CPU
		{DC588D3F-D46B-4B98-8BAB-DBBFF56A5CD5}.Debug|x86.ActiveCfg = Debug|Any CPU
		{DC588D3F-D46B-4B98-8BAB-DBBFF56A5CD5}.Release|Any CPU.ActiveCfg = Release|Any CPU
		{DC588D3F-D46B-4B98-8BAB-DBBFF56A5CD5}.Release|Any CPU.Build.0 = Release|Any CPU
		{DC588D3F-D46B-4B98-8BAB-DBBFF56A5CD5}.Release|ARM.ActiveCfg = Release|Any CPU
		{DC588D3F-D46B-4B98-8BAB-DBBFF56A5CD5}.Release|x64.ActiveCfg = Release|Any CPU
		{DC588D3F-D46B-4B98-8BAB-DBBFF56A5CD5}.Release|x86.ActiveCfg = Release|Any CPU
		{639DF301-39ED-43C2-A570-B0023591BBD2}.Debug|Any CPU.ActiveCfg = Debug|Any CPU
		{639DF301-39ED-43C2-A570-B0023591BBD2}.Debug|Any CPU.Build.0 = Debug|Any CPU
		{639DF301-39ED-43C2-A570-B0023591BBD2}.Debug|ARM.ActiveCfg = Debug|Any CPU
		{639DF301-39ED-43C2-A570-B0023591BBD2}.Debug|x64.ActiveCfg = Debug|Any CPU
		{639DF301-39ED-43C2-A570-B0023591BBD2}.Debug|x86.ActiveCfg = Debug|Any CPU
		{639DF301-39ED-43C2-A570-B0023591BBD2}.Release|Any CPU.ActiveCfg = Release|Any CPU
		{639DF301-39ED-43C2-A570-B0023591BBD2}.Release|Any CPU.Build.0 = Release|Any CPU
		{639DF301-39ED-43C2-A570-B0023591BBD2}.Release|ARM.ActiveCfg = Release|Any CPU
		{639DF301-39ED-43C2-A570-B0023591BBD2}.Release|x64.ActiveCfg = Release|Any CPU
		{639DF301-39ED-43C2-A570-B0023591BBD2}.Release|x86.ActiveCfg = Release|Any CPU
		{2B69EFCF-11F9-40C7-A8ED-A824F9FA133C}.Debug|Any CPU.ActiveCfg = Debug|Any CPU
		{2B69EFCF-11F9-40C7-A8ED-A824F9FA133C}.Debug|Any CPU.Build.0 = Debug|Any CPU
		{2B69EFCF-11F9-40C7-A8ED-A824F9FA133C}.Debug|ARM.ActiveCfg = Debug|Any CPU
		{2B69EFCF-11F9-40C7-A8ED-A824F9FA133C}.Debug|x64.ActiveCfg = Debug|Any CPU
		{2B69EFCF-11F9-40C7-A8ED-A824F9FA133C}.Debug|x86.ActiveCfg = Debug|Any CPU
		{2B69EFCF-11F9-40C7-A8ED-A824F9FA133C}.Release|Any CPU.ActiveCfg = Release|Any CPU
		{2B69EFCF-11F9-40C7-A8ED-A824F9FA133C}.Release|Any CPU.Build.0 = Release|Any CPU
		{2B69EFCF-11F9-40C7-A8ED-A824F9FA133C}.Release|ARM.ActiveCfg = Release|Any CPU
		{2B69EFCF-11F9-40C7-A8ED-A824F9FA133C}.Release|x64.ActiveCfg = Release|Any CPU
		{2B69EFCF-11F9-40C7-A8ED-A824F9FA133C}.Release|x86.ActiveCfg = Release|Any CPU
		{678BF5D2-1880-4A09-9388-B2211EF298E1}.Debug|Any CPU.ActiveCfg = Debug|Any CPU
		{678BF5D2-1880-4A09-9388-B2211EF298E1}.Debug|Any CPU.Build.0 = Debug|Any CPU
		{678BF5D2-1880-4A09-9388-B2211EF298E1}.Debug|ARM.ActiveCfg = Debug|Any CPU
		{678BF5D2-1880-4A09-9388-B2211EF298E1}.Debug|x64.ActiveCfg = Debug|Any CPU
		{678BF5D2-1880-4A09-9388-B2211EF298E1}.Debug|x86.ActiveCfg = Debug|Any CPU
		{678BF5D2-1880-4A09-9388-B2211EF298E1}.Release|Any CPU.ActiveCfg = Release|Any CPU
		{678BF5D2-1880-4A09-9388-B2211EF298E1}.Release|Any CPU.Build.0 = Release|Any CPU
		{678BF5D2-1880-4A09-9388-B2211EF298E1}.Release|ARM.ActiveCfg = Release|Any CPU
		{678BF5D2-1880-4A09-9388-B2211EF298E1}.Release|x64.ActiveCfg = Release|Any CPU
		{678BF5D2-1880-4A09-9388-B2211EF298E1}.Release|x86.ActiveCfg = Release|Any CPU
		{1008428F-A003-4A60-BDAF-42E1B1C63047}.Debug|Any CPU.ActiveCfg = Debug|Any CPU
		{1008428F-A003-4A60-BDAF-42E1B1C63047}.Debug|Any CPU.Build.0 = Debug|Any CPU
		{1008428F-A003-4A60-BDAF-42E1B1C63047}.Debug|ARM.ActiveCfg = Debug|Any CPU
		{1008428F-A003-4A60-BDAF-42E1B1C63047}.Debug|x64.ActiveCfg = Debug|Any CPU
		{1008428F-A003-4A60-BDAF-42E1B1C63047}.Debug|x86.ActiveCfg = Debug|Any CPU
		{1008428F-A003-4A60-BDAF-42E1B1C63047}.Release|Any CPU.ActiveCfg = Release|Any CPU
		{1008428F-A003-4A60-BDAF-42E1B1C63047}.Release|Any CPU.Build.0 = Release|Any CPU
		{1008428F-A003-4A60-BDAF-42E1B1C63047}.Release|ARM.ActiveCfg = Release|Any CPU
		{1008428F-A003-4A60-BDAF-42E1B1C63047}.Release|x64.ActiveCfg = Release|Any CPU
		{1008428F-A003-4A60-BDAF-42E1B1C63047}.Release|x86.ActiveCfg = Release|Any CPU
		{F76174DB-A3AE-4895-9C55-0CE9A2418F6D}.Debug|Any CPU.ActiveCfg = Debug|Any CPU
		{F76174DB-A3AE-4895-9C55-0CE9A2418F6D}.Debug|Any CPU.Build.0 = Debug|Any CPU
		{F76174DB-A3AE-4895-9C55-0CE9A2418F6D}.Debug|ARM.ActiveCfg = Debug|Any CPU
		{F76174DB-A3AE-4895-9C55-0CE9A2418F6D}.Debug|x64.ActiveCfg = Debug|Any CPU
		{F76174DB-A3AE-4895-9C55-0CE9A2418F6D}.Debug|x86.ActiveCfg = Debug|Any CPU
		{F76174DB-A3AE-4895-9C55-0CE9A2418F6D}.Release|Any CPU.ActiveCfg = Release|Any CPU
		{F76174DB-A3AE-4895-9C55-0CE9A2418F6D}.Release|Any CPU.Build.0 = Release|Any CPU
		{F76174DB-A3AE-4895-9C55-0CE9A2418F6D}.Release|ARM.ActiveCfg = Release|Any CPU
		{F76174DB-A3AE-4895-9C55-0CE9A2418F6D}.Release|x64.ActiveCfg = Release|Any CPU
		{F76174DB-A3AE-4895-9C55-0CE9A2418F6D}.Release|x86.ActiveCfg = Release|Any CPU
		{EB181283-26B3-4D2A-8041-C20B9413841E}.Debug|Any CPU.ActiveCfg = Debug|Any CPU
		{EB181283-26B3-4D2A-8041-C20B9413841E}.Debug|Any CPU.Build.0 = Debug|Any CPU
		{EB181283-26B3-4D2A-8041-C20B9413841E}.Debug|ARM.ActiveCfg = Debug|Any CPU
		{EB181283-26B3-4D2A-8041-C20B9413841E}.Debug|x64.ActiveCfg = Debug|Any CPU
		{EB181283-26B3-4D2A-8041-C20B9413841E}.Debug|x86.ActiveCfg = Debug|Any CPU
		{EB181283-26B3-4D2A-8041-C20B9413841E}.Release|Any CPU.ActiveCfg = Release|Any CPU
		{EB181283-26B3-4D2A-8041-C20B9413841E}.Release|Any CPU.Build.0 = Release|Any CPU
		{EB181283-26B3-4D2A-8041-C20B9413841E}.Release|ARM.ActiveCfg = Release|Any CPU
		{EB181283-26B3-4D2A-8041-C20B9413841E}.Release|x64.ActiveCfg = Release|Any CPU
		{EB181283-26B3-4D2A-8041-C20B9413841E}.Release|x86.ActiveCfg = Release|Any CPU
	EndGlobalSection
	GlobalSection(SolutionProperties) = preSolution
		HideSolutionNode = FALSE
	EndGlobalSection
	GlobalSection(NestedProjects) = preSolution
		{70C6DF6E-3BAE-4F53-B4A1-0727BEB9E4E4} = {780B181D-1959-4939-993A-E550794DF6F9}
		{545FD5D0-BD70-495A-9058-DB4EA40F1A68} = {420E629A-1008-4722-9B92-93175A004DDB}
		{0C9D76E1-4B0F-4D32-85AE-BA999B4F9C4F} = {02595480-80EB-4355-B50D-1FE7D4218556}
		{C6429E03-C196-48BC-8200-BD5627395B50} = {B9110FDB-EE9A-4886-AA03-FD59FBB74E3D}
		{11BD52B7-6DEB-4A9F-BC19-58F51A358506} = {EE390A2E-3E26-4519-90A0-AFA5CE860EDD}
		{DC588D3F-D46B-4B98-8BAB-DBBFF56A5CD5} = {A27CB674-4363-4502-BCA9-81BE199D00E2}
		{639DF301-39ED-43C2-A570-B0023591BBD2} = {A27CB674-4363-4502-BCA9-81BE199D00E2}
		{2B69EFCF-11F9-40C7-A8ED-A824F9FA133C} = {780B181D-1959-4939-993A-E550794DF6F9}
		{1008428F-A003-4A60-BDAF-42E1B1C63047} = {EE390A2E-3E26-4519-90A0-AFA5CE860EDD}
		{F76174DB-A3AE-4895-9C55-0CE9A2418F6D} = {780B181D-1959-4939-993A-E550794DF6F9}
		{EB181283-26B3-4D2A-8041-C20B9413841E} = {B9110FDB-EE9A-4886-AA03-FD59FBB74E3D}
	EndGlobalSection
EndGlobal
